
Microsoft Visual Studio Solution File, Format Version 12.00
# Visual Studio Version 16
VisualStudioVersion = 16.0.31321.278
MinimumVisualStudioVersion = 10.0.40219.1
Project("{FAE04EC0-301F-11D3-BF4B-00C04F79EFBC}") = "TicketSystemDesign", "TicketSystemDesign\TicketSystemDesign.csproj", "{ACFBF42B-410E-4614-9B4A-F6902B7B90A6}"
EndProject
Global
	GlobalSection(SolutionConfigurationPlatforms) = preSolution
		Debug|Any CPU = Debug|Any CPU
		Release|Any CPU = Release|Any CPU
	EndGlobalSection
	GlobalSection(ProjectConfigurationPlatforms) = postSolution
		{ACFBF42B-410E-4614-9B4A-F6902B7B90A6}.Debug|Any CPU.ActiveCfg = Debug|Any CPU
		{ACFBF42B-410E-4614-9B4A-F6902B7B90A6}.Debug|Any CPU.Build.0 = Debug|Any CPU
		{ACFBF42B-410E-4614-9B4A-F6902B7B90A6}.Release|Any CPU.ActiveCfg = Release|Any CPU
		{ACFBF42B-410E-4614-9B4A-F6902B7B90A6}.Release|Any CPU.Build.0 = Release|Any CPU
	EndGlobalSection
	GlobalSection(SolutionProperties) = preSolution
		HideSolutionNode = FALSE
	EndGlobalSection
	GlobalSection(ExtensibilityGlobals) = postSolution
		SolutionGuid = {A9935492-A12F-47C4-A4F6-449C32E217FB}
	EndGlobalSection
EndGlobal
